
Microsoft Visual Studio Solution File, Format Version 12.00
# Visual Studio 14
VisualStudioVersion = 14.0.25420.1
MinimumVisualStudioVersion = 10.0.40219.1
Project("{FAE04EC0-301F-11D3-BF4B-00C04F79EFBC}") = "TestInterfaces", "TestInterfaces\TestInterfaces.csproj", "{284DECCB-0C1D-4098-8107-B896C72CC682}"
EndProject
Global
	GlobalSection(SolutionConfigurationPlatforms) = preSolution
		Debug|Any CPU = Debug|Any CPU
		Release|Any CPU = Release|Any CPU
	EndGlobalSection
	GlobalSection(ProjectConfigurationPlatforms) = postSolution
		{284DECCB-0C1D-4098-8107-B896C72CC682}.Debug|Any CPU.ActiveCfg = Debug|Any CPU
		{284DECCB-0C1D-4098-8107-B896C72CC682}.Debug|Any CPU.Build.0 = Debug|Any CPU
		{284DECCB-0C1D-4098-8107-B896C72CC682}.Release|Any CPU.ActiveCfg = Release|Any CPU
		{284DECCB-0C1D-4098-8107-B896C72CC682}.Release|Any CPU.Build.0 = Release|Any CPU
	EndGlobalSection
	GlobalSection(SolutionProperties) = preSolution
		HideSolutionNode = FALSE
	EndGlobalSection
EndGlobal
